
Microsoft Visual Studio Solution File, Format Version 12.00
# Visual Studio 2012
Project("{FAE04EC0-301F-11D3-BF4B-00C04F79EFBC}") = "Orderan.XamForms", "Orderan.XamForms\Orderan.XamForms.csproj", "{699EC9F6-DC45-4890-A94C-9FB05740AD8F}"
EndProject
Project("{FAE04EC0-301F-11D3-BF4B-00C04F79EFBC}") = "Orderan.iOS", "Orderan.iOS\Orderan.iOS.csproj", "{159806CB-8350-4695-BFC5-5B5927EF5D29}"
EndProject
Project("{FAE04EC0-301F-11D3-BF4B-00C04F79EFBC}") = "Orderan.Droid", "Orderan.Droid\Orderan.Droid.csproj", "{083FB9BF-11A6-4D32-9533-0E1091130BD1}"
EndProject
Project("{FAE04EC0-301F-11D3-BF4B-00C04F79EFBC}") = "Orderan.UITests", "Orderan.UITests\Orderan.UITests.csproj", "{06432952-9A81-4712-A6A2-31061D3FBBA7}"
EndProject
Global
	GlobalSection(SolutionConfigurationPlatforms) = preSolution
		Debug|Any CPU = Debug|Any CPU
		Release|Any CPU = Release|Any CPU
		Debug|iPhoneSimulator = Debug|iPhoneSimulator
		Release|iPhone = Release|iPhone
		Release|iPhoneSimulator = Release|iPhoneSimulator
		Debug|iPhone = Debug|iPhone
	EndGlobalSection
	GlobalSection(ProjectConfigurationPlatforms) = postSolution
		{699EC9F6-DC45-4890-A94C-9FB05740AD8F}.Debug|Any CPU.ActiveCfg = Debug|Any CPU
		{699EC9F6-DC45-4890-A94C-9FB05740AD8F}.Debug|Any CPU.Build.0 = Debug|Any CPU
		{699EC9F6-DC45-4890-A94C-9FB05740AD8F}.Release|Any CPU.ActiveCfg = Release|Any CPU
		{699EC9F6-DC45-4890-A94C-9FB05740AD8F}.Release|Any CPU.Build.0 = Release|Any CPU
		{699EC9F6-DC45-4890-A94C-9FB05740AD8F}.Debug|iPhoneSimulator.ActiveCfg = Debug|Any CPU
		{699EC9F6-DC45-4890-A94C-9FB05740AD8F}.Debug|iPhoneSimulator.Build.0 = Debug|Any CPU
		{699EC9F6-DC45-4890-A94C-9FB05740AD8F}.Release|iPhone.ActiveCfg = Release|Any CPU
		{699EC9F6-DC45-4890-A94C-9FB05740AD8F}.Release|iPhone.Build.0 = Release|Any CPU
		{699EC9F6-DC45-4890-A94C-9FB05740AD8F}.Release|iPhoneSimulator.ActiveCfg = Release|Any CPU
		{699EC9F6-DC45-4890-A94C-9FB05740AD8F}.Release|iPhoneSimulator.Build.0 = Release|Any CPU
		{699EC9F6-DC45-4890-A94C-9FB05740AD8F}.Debug|iPhone.ActiveCfg = Debug|Any CPU
		{699EC9F6-DC45-4890-A94C-9FB05740AD8F}.Debug|iPhone.Build.0 = Debug|Any CPU
		{159806CB-8350-4695-BFC5-5B5927EF5D29}.Debug|Any CPU.ActiveCfg = Debug|iPhoneSimulator
		{159806CB-8350-4695-BFC5-5B5927EF5D29}.Debug|Any CPU.Build.0 = Debug|iPhoneSimulator
		{159806CB-8350-4695-BFC5-5B5927EF5D29}.Release|Any CPU.ActiveCfg = Release|iPhone
		{159806CB-8350-4695-BFC5-5B5927EF5D29}.Release|Any CPU.Build.0 = Release|iPhone
		{159806CB-8350-4695-BFC5-5B5927EF5D29}.Debug|iPhoneSimulator.ActiveCfg = Debug|iPhoneSimulator
		{159806CB-8350-4695-BFC5-5B5927EF5D29}.Debug|iPhoneSimulator.Build.0 = Debug|iPhoneSimulator
		{159806CB-8350-4695-BFC5-5B5927EF5D29}.Release|iPhone.ActiveCfg = Release|iPhone
		{159806CB-8350-4695-BFC5-5B5927EF5D29}.Release|iPhone.Build.0 = Release|iPhone
		{159806CB-8350-4695-BFC5-5B5927EF5D29}.Release|iPhoneSimulator.ActiveCfg = Release|iPhoneSimulator
		{159806CB-8350-4695-BFC5-5B5927EF5D29}.Release|iPhoneSimulator.Build.0 = Release|iPhoneSimulator
		{159806CB-8350-4695-BFC5-5B5927EF5D29}.Debug|iPhone.ActiveCfg = Debug|iPhone
		{159806CB-8350-4695-BFC5-5B5927EF5D29}.Debug|iPhone.Build.0 = Debug|iPhone
		{083FB9BF-11A6-4D32-9533-0E1091130BD1}.Debug|Any CPU.ActiveCfg = Debug|Any CPU
		{083FB9BF-11A6-4D32-9533-0E1091130BD1}.Debug|Any CPU.Build.0 = Debug|Any CPU
		{083FB9BF-11A6-4D32-9533-0E1091130BD1}.Release|Any CPU.ActiveCfg = Release|Any CPU
		{083FB9BF-11A6-4D32-9533-0E1091130BD1}.Release|Any CPU.Build.0 = Release|Any CPU
		{083FB9BF-11A6-4D32-9533-0E1091130BD1}.Debug|iPhoneSimulator.ActiveCfg = Debug|Any CPU
		{083FB9BF-11A6-4D32-9533-0E1091130BD1}.Debug|iPhoneSimulator.Build.0 = Debug|Any CPU
		{083FB9BF-11A6-4D32-9533-0E1091130BD1}.Release|iPhone.ActiveCfg = Release|Any CPU
		{083FB9BF-11A6-4D32-9533-0E1091130BD1}.Release|iPhone.Build.0 = Release|Any CPU
		{083FB9BF-11A6-4D32-9533-0E1091130BD1}.Release|iPhoneSimulator.ActiveCfg = Release|Any CPU
		{083FB9BF-11A6-4D32-9533-0E1091130BD1}.Release|iPhoneSimulator.Build.0 = Release|Any CPU
		{083FB9BF-11A6-4D32-9533-0E1091130BD1}.Debug|iPhone.ActiveCfg = Debug|Any CPU
		{083FB9BF-11A6-4D32-9533-0E1091130BD1}.Debug|iPhone.Build.0 = Debug|Any CPU
		{06432952-9A81-4712-A6A2-31061D3FBBA7}.Debug|Any CPU.ActiveCfg = Debug|Any CPU
		{06432952-9A81-4712-A6A2-31061D3FBBA7}.Debug|Any CPU.Build.0 = Debug|Any CPU
		{06432952-9A81-4712-A6A2-31061D3FBBA7}.Release|Any CPU.ActiveCfg = Release|Any CPU
		{06432952-9A81-4712-A6A2-31061D3FBBA7}.Release|Any CPU.Build.0 = Release|Any CPU
		{06432952-9A81-4712-A6A2-31061D3FBBA7}.Debug|iPhoneSimulator.ActiveCfg = Debug|Any CPU
		{06432952-9A81-4712-A6A2-31061D3FBBA7}.Debug|iPhoneSimulator.Build.0 = Debug|Any CPU
		{06432952-9A81-4712-A6A2-31061D3FBBA7}.Release|iPhone.ActiveCfg = Release|Any CPU
		{06432952-9A81-4712-A6A2-31061D3FBBA7}.Release|iPhone.Build.0 = Release|Any CPU
		{06432952-9A81-4712-A6A2-31061D3FBBA7}.Release|iPhoneSimulator.ActiveCfg = Release|Any CPU
		{06432952-9A81-4712-A6A2-31061D3FBBA7}.Release|iPhoneSimulator.Build.0 = Release|Any CPU
		{06432952-9A81-4712-A6A2-31061D3FBBA7}.Debug|iPhone.ActiveCfg = Debug|Any CPU
		{06432952-9A81-4712-A6A2-31061D3FBBA7}.Debug|iPhone.Build.0 = Debug|Any CPU
	EndGlobalSection
EndGlobal
